
Microsoft Visual Studio Solution File, Format Version 12.00
# Visual Studio Version 16
VisualStudioVersion = 16.0.30114.128
MinimumVisualStudioVersion = 10.0.40219.1
Project("{FAE04EC0-301F-11D3-BF4B-00C04F79EFBC}") = "PawnTakesPawn", "PawnTakesPawn\PawnTakesPawn.csproj", "{B7A9718A-A4CC-47B1-8F5E-11B2677587EB}"
EndProject
Global
	GlobalSection(SolutionConfigurationPlatforms) = preSolution
		Debug|Any CPU = Debug|Any CPU
		Release|Any CPU = Release|Any CPU
	EndGlobalSection
	GlobalSection(ProjectConfigurationPlatforms) = postSolution
		{B7A9718A-A4CC-47B1-8F5E-11B2677587EB}.Debug|Any CPU.ActiveCfg = Debug|Any CPU
		{B7A9718A-A4CC-47B1-8F5E-11B2677587EB}.Debug|Any CPU.Build.0 = Debug|Any CPU
		{B7A9718A-A4CC-47B1-8F5E-11B2677587EB}.Release|Any CPU.ActiveCfg = Release|Any CPU
		{B7A9718A-A4CC-47B1-8F5E-11B2677587EB}.Release|Any CPU.Build.0 = Release|Any CPU
	EndGlobalSection
	GlobalSection(SolutionProperties) = preSolution
		HideSolutionNode = FALSE
	EndGlobalSection
	GlobalSection(ExtensibilityGlobals) = postSolution
		SolutionGuid = {11CB129E-18C1-409F-84D8-FCB9F449F1D3}
	EndGlobalSection
EndGlobal
